{
  "name": "Bom-Pra-Cachorro",
  "lockfileVersion": 3,
  "requires": true,
  "packages": {
    "": {
      "dependencies": {
        "bootstrap-icons": "^1.13.1"
      }
    },
    "node_modules/bootstrap-icons": {
      "version": "1.13.1",
      "resolved": "https://registry.npmjs.org/bootstrap-icons/-/bootstrap-icons-1.13.1.tgz",
      "integrity": "sha512-ijombt4v6bv5CLeXvRWKy7CuM3TRTuPEuGaGKvTV5cz65rQSY8RQ2JcHt6b90cBBAC7s8fsf2EkQDldzCoXUjw==",
      "funding": [
        {
          "type": "github",
          "url": "https://github.com/sponsors/twbs"
        },
        {
          "type": "opencollective",
          "url": "https://opencollective.com/bootstrap"
        }
      ],
      "license": "MIT"
        "sweetalert2": "^11.26.24"
      }
    },
    "node_modules/sweetalert2": {
      "version": "11.26.24",
      "resolved": "https://registry.npmjs.org/sweetalert2/-/sweetalert2-11.26.24.tgz",
      "integrity": "sha512-SLgukW4wicewpW5VOukSXY5Z6DL/z7HCOK2ODSjmQPiSphCN8gJAmh9npoceXOtBRNoDN0xIz+zHYthtfiHmjg==",
      "license": "MIT",
      "funding": {
        "type": "individual",
        "url": "https://github.com/sponsors/limonte"
      }
    }
  }
}
